
Microsoft Visual Studio Solution File, Format Version 12.00
# Visual Studio Version 17
VisualStudioVersion = 17.0.31903.59
MinimumVisualStudioVersion = 10.0.40219.1
Project("{2150E333-8FDC-42A3-9474-1A3956D46DE8}") = "src", "src", "{827E0CD3-B72D-47B6-A68D-7590B98EB39B}"
EndProject
Project("{FAE04EC0-301F-11D3-BF4B-00C04F79EFBC}") = "KiroCliLib", "src\KiroCliLib\KiroCliLib.csproj", "{C904EC35-D8D5-4EE4-8AD0-F307C6754C5A}"
EndProject
Project("{FAE04EC0-301F-11D3-BF4B-00C04F79EFBC}") = "CodingAgentWebUI", "src\CodingAgentWebUI\CodingAgentWebUI.csproj", "{B88E69F9-4402-4BEA-AA38-E5B18057FDCB}"
EndProject
Project("{FAE04EC0-301F-11D3-BF4B-00C04F79EFBC}") = "CodingAgentWebUI.Pipeline", "src\CodingAgentWebUI.Pipeline\CodingAgentWebUI.Pipeline.csproj", "{DBA76D42-79A3-4B68-B889-0B8D1A7C8CA0}"
EndProject
Project("{FAE04EC0-301F-11D3-BF4B-00C04F79EFBC}") = "CodingAgentWebUI.Infrastructure", "src\CodingAgentWebUI.Infrastructure\CodingAgentWebUI.Infrastructure.csproj", "{4806A515-090E-4C6C-8A65-30BEA43AA965}"
EndProject
Project("{2150E333-8FDC-42A3-9474-1A3956D46DE8}") = "tests", "tests", "{0AB3BF05-4346-4AA6-1389-037BE0695223}"
EndProject
Project("{FAE04EC0-301F-11D3-BF4B-00C04F79EFBC}") = "CodingAgentWebUI.Pipeline.UnitTests", "tests\CodingAgentWebUI.Pipeline.UnitTests\CodingAgentWebUI.Pipeline.UnitTests.csproj", "{B084A423-D18E-4BDD-9ED0-B21D574E2828}"
EndProject
Project("{FAE04EC0-301F-11D3-BF4B-00C04F79EFBC}") = "CodingAgentWebUI.Infrastructure.UnitTests", "tests\CodingAgentWebUI.Infrastructure.UnitTests\CodingAgentWebUI.Infrastructure.UnitTests.csproj", "{E8B3AAE4-78E4-4B45-B075-E962A2B59A8F}"
EndProject
Project("{FAE04EC0-301F-11D3-BF4B-00C04F79EFBC}") = "CodingAgentWebUI.UnitTests", "tests\CodingAgentWebUI.UnitTests\CodingAgentWebUI.UnitTests.csproj", "{4044C55C-9A36-4678-8737-AAA59EC4495A}"
EndProject
Project("{FAE04EC0-301F-11D3-BF4B-00C04F79EFBC}") = "CodingAgentWebUI.IntegrationTests", "tests\CodingAgentWebUI.IntegrationTests\CodingAgentWebUI.IntegrationTests.csproj", "{67E12317-5E8D-44ED-A943-FAB47A7EC6A0}"
EndProject
Project("{FAE04EC0-301F-11D3-BF4B-00C04F79EFBC}") = "KiroCliLib.UnitTests", "tests\KiroCliLib.UnitTests\KiroCliLib.UnitTests.csproj", "{7E4B0AB3-2EAD-46EB-856B-F62DEACB5639}"
EndProject
Project("{FAE04EC0-301F-11D3-BF4B-00C04F79EFBC}") = "CodingAgentWebUI.Agent", "src\CodingAgentWebUI.Agent\CodingAgentWebUI.Agent.csproj", "{88D11605-E150-42FB-8035-8885842F20A0}"
EndProject
Project("{FAE04EC0-301F-11D3-BF4B-00C04F79EFBC}") = "CodingAgentWebUI.Agent.UnitTests", "tests\CodingAgentWebUI.Agent.UnitTests\CodingAgentWebUI.Agent.UnitTests.csproj", "{2B12C166-78FF-4F64-B09B-2E031920CB17}"
EndProject
Project("{FAE04EC0-301F-11D3-BF4B-00C04F79EFBC}") = "CodingAgentWebUI.E2ETests", "tests\CodingAgentWebUI.E2ETests\CodingAgentWebUI.E2ETests.csproj", "{E66BFDC6-1C61-4330-9015-3A447CEEC2E4}"
EndProject
Project("{FAE04EC0-301F-11D3-BF4B-00C04F79EFBC}") = "CodingAgentWebUI.Orchestration", "src\CodingAgentWebUI.Orchestration\CodingAgentWebUI.Orchestration.csproj", "{54A37B8B-7BB7-4C73-8ECD-F8D8115211EE}"
EndProject
Project("{FAE04EC0-301F-11D3-BF4B-00C04F79EFBC}") = "CodingAgentWebUI.Agent.KiroCli", "src\CodingAgentWebUI.Agent.KiroCli\CodingAgentWebUI.Agent.KiroCli.csproj", "{5E40F487-84BA-4643-B259-1DB70034601B}"
EndProject
Project("{FAE04EC0-301F-11D3-BF4B-00C04F79EFBC}") = "CodingAgentWebUI.Agent.OpenCode", "src\CodingAgentWebUI.Agent.OpenCode\CodingAgentWebUI.Agent.OpenCode.csproj", "{1A176CEA-42C6-4DB0-866D-A5DD314A468C}"
EndProject
Global
	GlobalSection(SolutionConfigurationPlatforms) = preSolution
		Debug|Any CPU = Debug|Any CPU
		Debug|x64 = Debug|x64
		Debug|x86 = Debug|x86
		Release|Any CPU = Release|Any CPU
		Release|x64 = Release|x64
		Release|x86 = Release|x86
	EndGlobalSection
	GlobalSection(ProjectConfigurationPlatforms) = postSolution
		{C904EC35-D8D5-4EE4-8AD0-F307C6754C5A}.Debug|Any CPU.ActiveCfg = Debug|Any CPU
		{C904EC35-D8D5-4EE4-8AD0-F307C6754C5A}.Debug|Any CPU.Build.0 = Debug|Any CPU
		{C904EC35-D8D5-4EE4-8AD0-F307C6754C5A}.Debug|x64.ActiveCfg = Debug|Any CPU
		{C904EC35-D8D5-4EE4-8AD0-F307C6754C5A}.Debug|x64.Build.0 = Debug|Any CPU
		{C904EC35-D8D5-4EE4-8AD0-F307C6754C5A}.Debug|x86.ActiveCfg = Debug|Any CPU
		{C904EC35-D8D5-4EE4-8AD0-F307C6754C5A}.Debug|x86.Build.0 = Debug|Any CPU
		{C904EC35-D8D5-4EE4-8AD0-F307C6754C5A}.Release|Any CPU.ActiveCfg = Release|Any CPU
		{C904EC35-D8D5-4EE4-8AD0-F307C6754C5A}.Release|Any CPU.Build.0 = Release|Any CPU
		{C904EC35-D8D5-4EE4-8AD0-F307C6754C5A}.Release|x64.ActiveCfg = Release|Any CPU
		{C904EC35-D8D5-4EE4-8AD0-F307C6754C5A}.Release|x64.Build.0 = Release|Any CPU
		{C904EC35-D8D5-4EE4-8AD0-F307C6754C5A}.Release|x86.ActiveCfg = Release|Any CPU
		{C904EC35-D8D5-4EE4-8AD0-F307C6754C5A}.Release|x86.Build.0 = Release|Any CPU
		{B88E69F9-4402-4BEA-AA38-E5B18057FDCB}.Debug|Any CPU.ActiveCfg = Debug|Any CPU
		{B88E69F9-4402-4BEA-AA38-E5B18057FDCB}.Debug|Any CPU.Build.0 = Debug|Any CPU
		{B88E69F9-4402-4BEA-AA38-E5B18057FDCB}.Debug|x64.ActiveCfg = Debug|Any CPU
		{B88E69F9-4402-4BEA-AA38-E5B18057FDCB}.Debug|x64.Build.0 = Debug|Any CPU
		{B88E69F9-4402-4BEA-AA38-E5B18057FDCB}.Debug|x86.ActiveCfg = Debug|Any CPU
		{B88E69F9-4402-4BEA-AA38-E5B18057FDCB}.Debug|x86.Build.0 = Debug|Any CPU
		{B88E69F9-4402-4BEA-AA38-E5B18057FDCB}.Release|Any CPU.ActiveCfg = Release|Any CPU
		{B88E69F9-4402-4BEA-AA38-E5B18057FDCB}.Release|Any CPU.Build.0 = Release|Any CPU
		{B88E69F9-4402-4BEA-AA38-E5B18057FDCB}.Release|x64.ActiveCfg = Release|Any CPU
		{B88E69F9-4402-4BEA-AA38-E5B18057FDCB}.Release|x64.Build.0 = Release|Any CPU
		{B88E69F9-4402-4BEA-AA38-E5B18057FDCB}.Release|x86.ActiveCfg = Release|Any CPU
		{B88E69F9-4402-4BEA-AA38-E5B18057FDCB}.Release|x86.Build.0 = Release|Any CPU
		{DBA76D42-79A3-4B68-B889-0B8D1A7C8CA0}.Debug|Any CPU.ActiveCfg = Debug|Any CPU
		{DBA76D42-79A3-4B68-B889-0B8D1A7C8CA0}.Debug|Any CPU.Build.0 = Debug|Any CPU
		{DBA76D42-79A3-4B68-B889-0B8D1A7C8CA0}.Debug|x64.ActiveCfg = Debug|Any CPU
		{DBA76D42-79A3-4B68-B889-0B8D1A7C8CA0}.Debug|x64.Build.0 = Debug|Any CPU
		{DBA76D42-79A3-4B68-B889-0B8D1A7C8CA0}.Debug|x86.ActiveCfg = Debug|Any CPU
		{DBA76D42-79A3-4B68-B889-0B8D1A7C8CA0}.Debug|x86.Build.0 = Debug|Any CPU
		{DBA76D42-79A3-4B68-B889-0B8D1A7C8CA0}.Release|Any CPU.ActiveCfg = Release|Any CPU
		{DBA76D42-79A3-4B68-B889-0B8D1A7C8CA0}.Release|Any CPU.Build.0 = Release|Any CPU
		{DBA76D42-79A3-4B68-B889-0B8D1A7C8CA0}.Release|x64.ActiveCfg = Release|Any CPU
		{DBA76D42-79A3-4B68-B889-0B8D1A7C8CA0}.Release|x64.Build.0 = Release|Any CPU
		{DBA76D42-79A3-4B68-B889-0B8D1A7C8CA0}.Release|x86.ActiveCfg = Release|Any CPU
		{DBA76D42-79A3-4B68-B889-0B8D1A7C8CA0}.Release|x86.Build.0 = Release|Any CPU
		{4806A515-090E-4C6C-8A65-30BEA43AA965}.Debug|Any CPU.ActiveCfg = Debug|Any CPU
		{4806A515-090E-4C6C-8A65-30BEA43AA965}.Debug|Any CPU.Build.0 = Debug|Any CPU
		{4806A515-090E-4C6C-8A65-30BEA43AA965}.Debug|x64.ActiveCfg = Debug|Any CPU
		{4806A515-090E-4C6C-8A65-30BEA43AA965}.Debug|x64.Build.0 = Debug|Any CPU
		{4806A515-090E-4C6C-8A65-30BEA43AA965}.Debug|x86.ActiveCfg = Debug|Any CPU
		{4806A515-090E-4C6C-8A65-30BEA43AA965}.Debug|x86.Build.0 = Debug|Any CPU
		{4806A515-090E-4C6C-8A65-30BEA43AA965}.Release|Any CPU.ActiveCfg = Release|Any CPU
		{4806A515-090E-4C6C-8A65-30BEA43AA965}.Release|Any CPU.Build.0 = Release|Any CPU
		{4806A515-090E-4C6C-8A65-30BEA43AA965}.Release|x64.ActiveCfg = Release|Any CPU
		{4806A515-090E-4C6C-8A65-30BEA43AA965}.Release|x64.Build.0 = Release|Any CPU
		{4806A515-090E-4C6C-8A65-30BEA43AA965}.Release|x86.ActiveCfg = Release|Any CPU
		{4806A515-090E-4C6C-8A65-30BEA43AA965}.Release|x86.Build.0 = Release|Any CPU
		{B084A423-D18E-4BDD-9ED0-B21D574E2828}.Debug|Any CPU.ActiveCfg = Debug|Any CPU
		{B084A423-D18E-4BDD-9ED0-B21D574E2828}.Debug|Any CPU.Build.0 = Debug|Any CPU
		{B084A423-D18E-4BDD-9ED0-B21D574E2828}.Debug|x64.ActiveCfg = Debug|Any CPU
		{B084A423-D18E-4BDD-9ED0-B21D574E2828}.Debug|x64.Build.0 = Debug|Any CPU
		{B084A423-D18E-4BDD-9ED0-B21D574E2828}.Debug|x86.ActiveCfg = Debug|Any CPU
		{B084A423-D18E-4BDD-9ED0-B21D574E2828}.Debug|x86.Build.0 = Debug|Any CPU
		{B084A423-D18E-4BDD-9ED0-B21D574E2828}.Release|Any CPU.ActiveCfg = Release|Any CPU
		{B084A423-D18E-4BDD-9ED0-B21D574E2828}.Release|Any CPU.Build.0 = Release|Any CPU
		{B084A423-D18E-4BDD-9ED0-B21D574E2828}.Release|x64.ActiveCfg = Release|Any CPU
		{B084A423-D18E-4BDD-9ED0-B21D574E2828}.Release|x64.Build.0 = Release|Any CPU
		{B084A423-D18E-4BDD-9ED0-B21D574E2828}.Release|x86.ActiveCfg = Release|Any CPU
		{B084A423-D18E-4BDD-9ED0-B21D574E2828}.Release|x86.Build.0 = Release|Any CPU
		{E8B3AAE4-78E4-4B45-B075-E962A2B59A8F}.Debug|Any CPU.ActiveCfg = Debug|Any CPU
		{E8B3AAE4-78E4-4B45-B075-E962A2B59A8F}.Debug|Any CPU.Build.0 = Debug|Any CPU
		{E8B3AAE4-78E4-4B45-B075-E962A2B59A8F}.Debug|x64.ActiveCfg = Debug|Any CPU
		{E8B3AAE4-78E4-4B45-B075-E962A2B59A8F}.Debug|x64.Build.0 = Debug|Any CPU
		{E8B3AAE4-78E4-4B45-B075-E962A2B59A8F}.Debug|x86.ActiveCfg = Debug|Any CPU
		{E8B3AAE4-78E4-4B45-B075-E962A2B59A8F}.Debug|x86.Build.0 = Debug|Any CPU
		{E8B3AAE4-78E4-4B45-B075-E962A2B59A8F}.Release|Any CPU.ActiveCfg = Release|Any CPU
		{E8B3AAE4-78E4-4B45-B075-E962A2B59A8F}.Release|Any CPU.Build.0 = Release|Any CPU
		{E8B3AAE4-78E4-4B45-B075-E962A2B59A8F}.Release|x64.ActiveCfg = Release|Any CPU
		{E8B3AAE4-78E4-4B45-B075-E962A2B59A8F}.Release|x64.Build.0 = Release|Any CPU
		{E8B3AAE4-78E4-4B45-B075-E962A2B59A8F}.Release|x86.ActiveCfg = Release|Any CPU
		{E8B3AAE4-78E4-4B45-B075-E962A2B59A8F}.Release|x86.Build.0 = Release|Any CPU
		{4044C55C-9A36-4678-8737-AAA59EC4495A}.Debug|Any CPU.ActiveCfg = Debug|Any CPU
		{4044C55C-9A36-4678-8737-AAA59EC4495A}.Debug|Any CPU.Build.0 = Debug|Any CPU
		{4044C55C-9A36-4678-8737-AAA59EC4495A}.Debug|x64.ActiveCfg = Debug|Any CPU
		{4044C55C-9A36-4678-8737-AAA59EC4495A}.Debug|x64.Build.0 = Debug|Any CPU
		{4044C55C-9A36-4678-8737-AAA59EC4495A}.Debug|x86.ActiveCfg = Debug|Any CPU
		{4044C55C-9A36-4678-8737-AAA59EC4495A}.Debug|x86.Build.0 = Debug|Any CPU
		{4044C55C-9A36-4678-8737-AAA59EC4495A}.Release|Any CPU.ActiveCfg = Release|Any CPU
		{4044C55C-9A36-4678-8737-AAA59EC4495A}.Release|Any CPU.Build.0 = Release|Any CPU
		{4044C55C-9A36-4678-8737-AAA59EC4495A}.Release|x64.ActiveCfg = Release|Any CPU
		{4044C55C-9A36-4678-8737-AAA59EC4495A}.Release|x64.Build.0 = Release|Any CPU
		{4044C55C-9A36-4678-8737-AAA59EC4495A}.Release|x86.ActiveCfg = Release|Any CPU
		{4044C55C-9A36-4678-8737-AAA59EC4495A}.Release|x86.Build.0 = Release|Any CPU
		{67E12317-5E8D-44ED-A943-FAB47A7EC6A0}.Debug|Any CPU.ActiveCfg = Debug|Any CPU
		{67E12317-5E8D-44ED-A943-FAB47A7EC6A0}.Debug|Any CPU.Build.0 = Debug|Any CPU
		{67E12317-5E8D-44ED-A943-FAB47A7EC6A0}.Debug|x64.ActiveCfg = Debug|Any CPU
		{67E12317-5E8D-44ED-A943-FAB47A7EC6A0}.Debug|x64.Build.0 = Debug|Any CPU
		{67E12317-5E8D-44ED-A943-FAB47A7EC6A0}.Debug|x86.ActiveCfg = Debug|Any CPU
		{67E12317-5E8D-44ED-A943-FAB47A7EC6A0}.Debug|x86.Build.0 = Debug|Any CPU
		{67E12317-5E8D-44ED-A943-FAB47A7EC6A0}.Release|Any CPU.ActiveCfg = Release|Any CPU
		{67E12317-5E8D-44ED-A943-FAB47A7EC6A0}.Release|Any CPU.Build.0 = Release|Any CPU
		{67E12317-5E8D-44ED-A943-FAB47A7EC6A0}.Release|x64.ActiveCfg = Release|Any CPU
		{67E12317-5E8D-44ED-A943-FAB47A7EC6A0}.Release|x64.Build.0 = Release|Any CPU
		{67E12317-5E8D-44ED-A943-FAB47A7EC6A0}.Release|x86.ActiveCfg = Release|Any CPU
		{67E12317-5E8D-44ED-A943-FAB47A7EC6A0}.Release|x86.Build.0 = Release|Any CPU
		{7E4B0AB3-2EAD-46EB-856B-F62DEACB5639}.Debug|Any CPU.ActiveCfg = Debug|Any CPU
		{7E4B0AB3-2EAD-46EB-856B-F62DEACB5639}.Debug|Any CPU.Build.0 = Debug|Any CPU
		{7E4B0AB3-2EAD-46EB-856B-F62DEACB5639}.Debug|x64.ActiveCfg = Debug|Any CPU
		{7E4B0AB3-2EAD-46EB-856B-F62DEACB5639}.Debug|x64.Build.0 = Debug|Any CPU
		{7E4B0AB3-2EAD-46EB-856B-F62DEACB5639}.Debug|x86.ActiveCfg = Debug|Any CPU
		{7E4B0AB3-2EAD-46EB-856B-F62DEACB5639}.Debug|x86.Build.0 = Debug|Any CPU
		{7E4B0AB3-2EAD-46EB-856B-F62DEACB5639}.Release|Any CPU.ActiveCfg = Release|Any CPU
		{7E4B0AB3-2EAD-46EB-856B-F62DEACB5639}.Release|Any CPU.Build.0 = Release|Any CPU
		{7E4B0AB3-2EAD-46EB-856B-F62DEACB5639}.Release|x64.ActiveCfg = Release|Any CPU
		{7E4B0AB3-2EAD-46EB-856B-F62DEACB5639}.Release|x64.Build.0 = Release|Any CPU
		{7E4B0AB3-2EAD-46EB-856B-F62DEACB5639}.Release|x86.ActiveCfg = Release|Any CPU
		{7E4B0AB3-2EAD-46EB-856B-F62DEACB5639}.Release|x86.Build.0 = Release|Any CPU
		{88D11605-E150-42FB-8035-8885842F20A0}.Debug|Any CPU.ActiveCfg = Debug|Any CPU
		{88D11605-E150-42FB-8035-8885842F20A0}.Debug|Any CPU.Build.0 = Debug|Any CPU
		{88D11605-E150-42FB-8035-8885842F20A0}.Debug|x64.ActiveCfg = Debug|Any CPU
		{88D11605-E150-42FB-8035-8885842F20A0}.Debug|x64.Build.0 = Debug|Any CPU
		{88D11605-E150-42FB-8035-8885842F20A0}.Debug|x86.ActiveCfg = Debug|Any CPU
		{88D11605-E150-42FB-8035-8885842F20A0}.Debug|x86.Build.0 = Debug|Any CPU
		{88D11605-E150-42FB-8035-8885842F20A0}.Release|Any CPU.ActiveCfg = Release|Any CPU
		{88D11605-E150-42FB-8035-8885842F20A0}.Release|Any CPU.Build.0 = Release|Any CPU
		{88D11605-E150-42FB-8035-8885842F20A0}.Release|x64.ActiveCfg = Release|Any CPU
		{88D11605-E150-42FB-8035-8885842F20A0}.Release|x64.Build.0 = Release|Any CPU
		{88D11605-E150-42FB-8035-8885842F20A0}.Release|x86.ActiveCfg = Release|Any CPU
		{88D11605-E150-42FB-8035-8885842F20A0}.Release|x86.Build.0 = Release|Any CPU
		{2B12C166-78FF-4F64-B09B-2E031920CB17}.Debug|Any CPU.ActiveCfg = Debug|Any CPU
		{2B12C166-78FF-4F64-B09B-2E031920CB17}.Debug|Any CPU.Build.0 = Debug|Any CPU
		{2B12C166-78FF-4F64-B09B-2E031920CB17}.Debug|x64.ActiveCfg = Debug|Any CPU
		{2B12C166-78FF-4F64-B09B-2E031920CB17}.Debug|x64.Build.0 = Debug|Any CPU
		{2B12C166-78FF-4F64-B09B-2E031920CB17}.Debug|x86.ActiveCfg = Debug|Any CPU
		{2B12C166-78FF-4F64-B09B-2E031920CB17}.Debug|x86.Build.0 = Debug|Any CPU
		{2B12C166-78FF-4F64-B09B-2E031920CB17}.Release|Any CPU.ActiveCfg = Release|Any CPU
		{2B12C166-78FF-4F64-B09B-2E031920CB17}.Release|Any CPU.Build.0 = Release|Any CPU
		{2B12C166-78FF-4F64-B09B-2E031920CB17}.Release|x64.ActiveCfg = Release|Any CPU
		{2B12C166-78FF-4F64-B09B-2E031920CB17}.Release|x64.Build.0 = Release|Any CPU
		{2B12C166-78FF-4F64-B09B-2E031920CB17}.Release|x86.ActiveCfg = Release|Any CPU
		{2B12C166-78FF-4F64-B09B-2E031920CB17}.Release|x86.Build.0 = Release|Any CPU
		{E66BFDC6-1C61-4330-9015-3A447CEEC2E4}.Debug|Any CPU.ActiveCfg = Debug|Any CPU
		{E66BFDC6-1C61-4330-9015-3A447CEEC2E4}.Debug|Any CPU.Build.0 = Debug|Any CPU
		{E66BFDC6-1C61-4330-9015-3A447CEEC2E4}.Debug|x64.ActiveCfg = Debug|Any CPU
		{E66BFDC6-1C61-4330-9015-3A447CEEC2E4}.Debug|x64.Build.0 = Debug|Any CPU
		{E66BFDC6-1C61-4330-9015-3A447CEEC2E4}.Debug|x86.ActiveCfg = Debug|Any CPU
		{E66BFDC6-1C61-4330-9015-3A447CEEC2E4}.Debug|x86.Build.0 = Debug|Any CPU
		{E66BFDC6-1C61-4330-9015-3A447CEEC2E4}.Release|Any CPU.ActiveCfg = Release|Any CPU
		{E66BFDC6-1C61-4330-9015-3A447CEEC2E4}.Release|Any CPU.Build.0 = Release|Any CPU
		{E66BFDC6-1C61-4330-9015-3A447CEEC2E4}.Release|x64.ActiveCfg = Release|Any CPU
		{E66BFDC6-1C61-4330-9015-3A447CEEC2E4}.Release|x64.Build.0 = Release|Any CPU
		{E66BFDC6-1C61-4330-9015-3A447CEEC2E4}.Release|x86.ActiveCfg = Release|Any CPU
		{E66BFDC6-1C61-4330-9015-3A447CEEC2E4}.Release|x86.Build.0 = Release|Any CPU
		{54A37B8B-7BB7-4C73-8ECD-F8D8115211EE}.Debug|Any CPU.ActiveCfg = Debug|Any CPU
		{54A37B8B-7BB7-4C73-8ECD-F8D8115211EE}.Debug|Any CPU.Build.0 = Debug|Any CPU
		{54A37B8B-7BB7-4C73-8ECD-F8D8115211EE}.Debug|x64.ActiveCfg = Debug|Any CPU
		{54A37B8B-7BB7-4C73-8ECD-F8D8115211EE}.Debug|x64.Build.0 = Debug|Any CPU
		{54A37B8B-7BB7-4C73-8ECD-F8D8115211EE}.Debug|x86.ActiveCfg = Debug|Any CPU
		{54A37B8B-7BB7-4C73-8ECD-F8D8115211EE}.Debug|x86.Build.0 = Debug|Any CPU
		{54A37B8B-7BB7-4C73-8ECD-F8D8115211EE}.Release|Any CPU.ActiveCfg = Release|Any CPU
		{54A37B8B-7BB7-4C73-8ECD-F8D8115211EE}.Release|Any CPU.Build.0 = Release|Any CPU
		{54A37B8B-7BB7-4C73-8ECD-F8D8115211EE}.Release|x64.ActiveCfg = Release|Any CPU
		{54A37B8B-7BB7-4C73-8ECD-F8D8115211EE}.Release|x64.Build.0 = Release|Any CPU
		{54A37B8B-7BB7-4C73-8ECD-F8D8115211EE}.Release|x86.ActiveCfg = Release|Any CPU
		{54A37B8B-7BB7-4C73-8ECD-F8D8115211EE}.Release|x86.Build.0 = Release|Any CPU
		{5E40F487-84BA-4643-B259-1DB70034601B}.Debug|Any CPU.ActiveCfg = Debug|Any CPU
		{5E40F487-84BA-4643-B259-1DB70034601B}.Debug|Any CPU.Build.0 = Debug|Any CPU
		{5E40F487-84BA-4643-B259-1DB70034601B}.Debug|x64.ActiveCfg = Debug|Any CPU
		{5E40F487-84BA-4643-B259-1DB70034601B}.Debug|x64.Build.0 = Debug|Any CPU
		{5E40F487-84BA-4643-B259-1DB70034601B}.Debug|x86.ActiveCfg = Debug|Any CPU
		{5E40F487-84BA-4643-B259-1DB70034601B}.Debug|x86.Build.0 = Debug|Any CPU
		{5E40F487-84BA-4643-B259-1DB70034601B}.Release|Any CPU.ActiveCfg = Release|Any CPU
		{5E40F487-84BA-4643-B259-1DB70034601B}.Release|Any CPU.Build.0 = Release|Any CPU
		{5E40F487-84BA-4643-B259-1DB70034601B}.Release|x64.ActiveCfg = Release|Any CPU
		{5E40F487-84BA-4643-B259-1DB70034601B}.Release|x64.Build.0 = Release|Any CPU
		{5E40F487-84BA-4643-B259-1DB70034601B}.Release|x86.ActiveCfg = Release|Any CPU
		{5E40F487-84BA-4643-B259-1DB70034601B}.Release|x86.Build.0 = Release|Any CPU
		{1A176CEA-42C6-4DB0-866D-A5DD314A468C}.Debug|Any CPU.ActiveCfg = Debug|Any CPU
		{1A176CEA-42C6-4DB0-866D-A5DD314A468C}.Debug|Any CPU.Build.0 = Debug|Any CPU
		{1A176CEA-42C6-4DB0-866D-A5DD314A468C}.Debug|x64.ActiveCfg = Debug|Any CPU
		{1A176CEA-42C6-4DB0-866D-A5DD314A468C}.Debug|x64.Build.0 = Debug|Any CPU
		{1A176CEA-42C6-4DB0-866D-A5DD314A468C}.Debug|x86.ActiveCfg = Debug|Any CPU
		{1A176CEA-42C6-4DB0-866D-A5DD314A468C}.Debug|x86.Build.0 = Debug|Any CPU
		{1A176CEA-42C6-4DB0-866D-A5DD314A468C}.Release|Any CPU.ActiveCfg = Release|Any CPU
		{1A176CEA-42C6-4DB0-866D-A5DD314A468C}.Release|Any CPU.Build.0 = Release|Any CPU
		{1A176CEA-42C6-4DB0-866D-A5DD314A468C}.Release|x64.ActiveCfg = Release|Any CPU
		{1A176CEA-42C6-4DB0-866D-A5DD314A468C}.Release|x64.Build.0 = Release|Any CPU
		{1A176CEA-42C6-4DB0-866D-A5DD314A468C}.Release|x86.ActiveCfg = Release|Any CPU
		{1A176CEA-42C6-4DB0-866D-A5DD314A468C}.Release|x86.Build.0 = Release|Any CPU
	EndGlobalSection
	GlobalSection(SolutionProperties) = preSolution
		HideSolutionNode = FALSE
	EndGlobalSection
	GlobalSection(NestedProjects) = preSolution
		{C904EC35-D8D5-4EE4-8AD0-F307C6754C5A} = {827E0CD3-B72D-47B6-A68D-7590B98EB39B}
		{B88E69F9-4402-4BEA-AA38-E5B18057FDCB} = {827E0CD3-B72D-47B6-A68D-7590B98EB39B}
		{DBA76D42-79A3-4B68-B889-0B8D1A7C8CA0} = {827E0CD3-B72D-47B6-A68D-7590B98EB39B}
		{4806A515-090E-4C6C-8A65-30BEA43AA965} = {827E0CD3-B72D-47B6-A68D-7590B98EB39B}
		{B084A423-D18E-4BDD-9ED0-B21D574E2828} = {0AB3BF05-4346-4AA6-1389-037BE0695223}
		{E8B3AAE4-78E4-4B45-B075-E962A2B59A8F} = {0AB3BF05-4346-4AA6-1389-037BE0695223}
		{4044C55C-9A36-4678-8737-AAA59EC4495A} = {0AB3BF05-4346-4AA6-1389-037BE0695223}
		{67E12317-5E8D-44ED-A943-FAB47A7EC6A0} = {0AB3BF05-4346-4AA6-1389-037BE0695223}
		{7E4B0AB3-2EAD-46EB-856B-F62DEACB5639} = {0AB3BF05-4346-4AA6-1389-037BE0695223}
		{88D11605-E150-42FB-8035-8885842F20A0} = {827E0CD3-B72D-47B6-A68D-7590B98EB39B}
		{2B12C166-78FF-4F64-B09B-2E031920CB17} = {0AB3BF05-4346-4AA6-1389-037BE0695223}
		{E66BFDC6-1C61-4330-9015-3A447CEEC2E4} = {0AB3BF05-4346-4AA6-1389-037BE0695223}
		{54A37B8B-7BB7-4C73-8ECD-F8D8115211EE} = {827E0CD3-B72D-47B6-A68D-7590B98EB39B}
		{5E40F487-84BA-4643-B259-1DB70034601B} = {827E0CD3-B72D-47B6-A68D-7590B98EB39B}
		{1A176CEA-42C6-4DB0-866D-A5DD314A468C} = {827E0CD3-B72D-47B6-A68D-7590B98EB39B}
	EndGlobalSection
EndGlobal
